
Microsoft Visual Studio Solution File, Format Version 12.00
# Visual Studio Version 17
VisualStudioVersion = 17.4.33122.133
MinimumVisualStudioVersion = 10.0.40219.1
Project("{9A19103F-16F7-4668-BE54-9A1E7A4F7556}") = "sharpUTM", "sharpUTM\sharpUTM.csproj", "{D4F6C603-F5A6-4640-BD49-72587409C887}"
EndProject
Project("{FAE04EC0-301F-11D3-BF4B-00C04F79EFBC}") = "sharpUTMTests", "sharpUTMTests\sharpUTMTests.csproj", "{E4A3B1F7-2095-4729-BBD0-00BE20CE1811}"
EndProject
Project("{2150E333-8FDC-42A3-9474-1A3956D46DE8}") = "Solution Items", "Solution Items", "{E5D408DC-6998-482B-8891-0AE55E133622}"
	ProjectSection(SolutionItems) = preProject
		README.md = README.md
	EndProjectSection
EndProject
Global
	GlobalSection(SolutionConfigurationPlatforms) = preSolution
		Debug|Any CPU = Debug|Any CPU
		Release|Any CPU = Release|Any CPU
	EndGlobalSection
	GlobalSection(ProjectConfigurationPlatforms) = postSolution
		{D4F6C603-F5A6-4640-BD49-72587409C887}.Debug|Any CPU.ActiveCfg = Debug|Any CPU
		{D4F6C603-F5A6-4640-BD49-72587409C887}.Debug|Any CPU.Build.0 = Debug|Any CPU
		{D4F6C603-F5A6-4640-BD49-72587409C887}.Release|Any CPU.ActiveCfg = Release|Any CPU
		{D4F6C603-F5A6-4640-BD49-72587409C887}.Release|Any CPU.Build.0 = Release|Any CPU
		{E4A3B1F7-2095-4729-BBD0-00BE20CE1811}.Debug|Any CPU.ActiveCfg = Debug|Any CPU
		{E4A3B1F7-2095-4729-BBD0-00BE20CE1811}.Debug|Any CPU.Build.0 = Debug|Any CPU
		{E4A3B1F7-2095-4729-BBD0-00BE20CE1811}.Release|Any CPU.ActiveCfg = Release|Any CPU
		{E4A3B1F7-2095-4729-BBD0-00BE20CE1811}.Release|Any CPU.Build.0 = Release|Any CPU
	EndGlobalSection
	GlobalSection(SolutionProperties) = preSolution
		HideSolutionNode = FALSE
	EndGlobalSection
	GlobalSection(ExtensibilityGlobals) = postSolution
		SolutionGuid = {3964D3CD-6F3E-4FE9-94A7-326A3A916BE8}
	EndGlobalSection
EndGlobal
